
Microsoft Visual Studio Solution File, Format Version 12.00
# Visual Studio Version 16
VisualStudioVersion = 16.0.29418.71
MinimumVisualStudioVersion = 10.0.40219.1
Project("{FAE04EC0-301F-11D3-BF4B-00C04F79EFBC}") = "RMS_MPD", "RMS_MPD\RMS_MPD.csproj", "{8C55A531-8BE5-4136-ADB6-32177CAF0A43}"
EndProject
Global
	GlobalSection(SolutionConfigurationPlatforms) = preSolution
		Debug|Any CPU = Debug|Any CPU
		Release|Any CPU = Release|Any CPU
	EndGlobalSection
	GlobalSection(ProjectConfigurationPlatforms) = postSolution
		{8C55A531-8BE5-4136-ADB6-32177CAF0A43}.Debug|Any CPU.ActiveCfg = Debug|Any CPU
		{8C55A531-8BE5-4136-ADB6-32177CAF0A43}.Debug|Any CPU.Build.0 = Debug|Any CPU
		{8C55A531-8BE5-4136-ADB6-32177CAF0A43}.Release|Any CPU.ActiveCfg = Release|Any CPU
		{8C55A531-8BE5-4136-ADB6-32177CAF0A43}.Release|Any CPU.Build.0 = Release|Any CPU
	EndGlobalSection
	GlobalSection(SolutionProperties) = preSolution
		HideSolutionNode = FALSE
	EndGlobalSection
	GlobalSection(ExtensibilityGlobals) = postSolution
		SolutionGuid = {F909403C-C68A-4E67-8FBA-001B2F948FDA}
	EndGlobalSection
EndGlobal
